{
  "name": "ideas",
  "lockfileVersion": 3,
  "requires": true,
  "packages": {
    "": {
      "dependencies": {
        "@jscad/stl-deserializer": "^2.1.28"
      }
    },
    "node_modules/@jscad/io-utils": {
      "version": "2.0.31",
      "resolved": "https://registry.npmjs.org/@jscad/io-utils/-/io-utils-2.0.31.tgz",
      "integrity": "sha512-akalrc72lnzT6hDJH+1rkJA19NsBBXPXiZyyw69cyLtABnFJte2hehTBpkMiuM8BZZ0nQs/LwhhSRHRlCj4b8Q==",
      "license": "MIT"
    },
    "node_modules/@jscad/modeling": {
      "version": "2.12.6",
      "resolved": "https://registry.npmjs.org/@jscad/modeling/-/modeling-2.12.6.tgz",
      "integrity": "sha512-RyT7hrxuq9UHuBmsC8o+KzimQCY6En2IFiSYPDbSlNFKLFdOc3Kyq9NXpt5+RNQhrhLz6uo15XDtnE43EFF3YQ==",
      "license": "MIT"
    },
    "node_modules/@jscad/stl-deserializer": {
      "version": "2.1.28",
      "resolved": "https://registry.npmjs.org/@jscad/stl-deserializer/-/stl-deserializer-2.1.28.tgz",
      "integrity": "sha512-gr8w59PuxQA15Q0GW3Z/doKeWkZdtK5HYZHmsigUOXpO+aEyXYxOE3GQrueHRd9Zq4NlEeFesbYMvqtPZElIbQ==",
      "license": "MIT",
      "dependencies": {
        "@jscad/io-utils": "2.0.31",
        "@jscad/modeling": "2.12.6"
      }
    }
  }
}
